
Microsoft Visual Studio Solution File, Format Version 12.00
# Visual Studio 2013
VisualStudioVersion = 12.0.30110.0
MinimumVisualStudioVersion = 10.0.40219.1
Project("{2150E333-8FDC-42A3-9474-1A3956D46DE8}") = "Assemblies", "Assemblies", "{FF93BD54-E60F-426A-A0DE-8FC3531DA5C9}"
EndProject
Project("{2150E333-8FDC-42A3-9474-1A3956D46DE8}") = "Sites", "Sites", "{83152539-AC45-41AF-8FEF-79019D9C93DA}"
EndProject
Project("{2150E333-8FDC-42A3-9474-1A3956D46DE8}") = "Tests", "Tests", "{D06B1195-B951-4B1B-9BB9-9E6EBD75F6CB}"
EndProject
Project("{2150E333-8FDC-42A3-9474-1A3956D46DE8}") = "Build", "Build", "{A04063DA-8F5C-4E5E-88FD-DD46625D3388}"
EndProject
Project("{2150E333-8FDC-42A3-9474-1A3956D46DE8}") = "Tools", "Tools", "{13E9AD02-F37B-4936-BA93-E304596E1FD7}"
EndProject
Project("{2150E333-8FDC-42A3-9474-1A3956D46DE8}") = "Scripts", "Scripts", "{EF428338-36FC-4973-A2BD-6589DFAAC6C8}"
	ProjectSection(SolutionItems) = preProject
		scripts\Lacjam-Deploy-Remote.ps1 = scripts\Lacjam-Deploy-Remote.ps1
		scripts\Lacjam-Deploy.bat = scripts\Lacjam-Deploy.bat
		Scripts\NServiceBus-Install.ps1 = Scripts\NServiceBus-Install.ps1
		Scripts\NServiceBus-Uninstall.ps1 = Scripts\NServiceBus-Uninstall.ps1
		Scripts\PortCheck.ps1 = Scripts\PortCheck.ps1
		scripts\Start-NServiceBus-Host.ps1 = scripts\Start-NServiceBus-Host.ps1
		Scripts\Test.fsx = Scripts\Test.fsx
		Scripts\WebCrawler.fsx = Scripts\WebCrawler.fsx
	EndProjectSection
EndProject
Project("{2150E333-8FDC-42A3-9474-1A3956D46DE8}") = "Common", "Common", "{84D58B37-48B1-49A7-8452-7CA1A78CC1EF}"
	ProjectSection(SolutionItems) = preProject
		common\License.xml = common\License.xml
		Common\log4net.config = Common\log4net.config
	EndProjectSection
EndProject
Project("{F2A71F9B-5D33-465A-A702-920D77279786}") = "Core.UnitTests", "Tests\Core.UnitTests\Core.UnitTests.fsproj", "{94CEDE8A-6B70-4AE8-A9DE-04B0C60E302E}"
EndProject
Project("{2150E333-8FDC-42A3-9474-1A3956D46DE8}") = "App", "App", "{3231EC53-E360-4EE8-B8EE-ACF81D4EFE6F}"
EndProject
Project("{2150E333-8FDC-42A3-9474-1A3956D46DE8}") = ".nuget", ".nuget", "{34346FEB-EAEB-41B6-8654-8B6CD1CDFFB0}"
	ProjectSection(SolutionItems) = preProject
		.nuget\NuGet.Config = .nuget\NuGet.Config
		.nuget\NuGet.exe = .nuget\NuGet.exe
		.nuget\NuGet.targets = .nuget\NuGet.targets
	EndProjectSection
EndProject
Project("{F2A71F9B-5D33-465A-A702-920D77279786}") = "Core", "src\Core\Core.fsproj", "{C3A6A4B8-8BE0-4E91-A7A7-62D05C6C1161}"
EndProject
Project("{2150E333-8FDC-42A3-9474-1A3956D46DE8}") = "UnitTests", "UnitTests", "{A5EB15ED-C38C-4F90-BC36-B93B76B98A82}"
EndProject
Project("{2150E333-8FDC-42A3-9474-1A3956D46DE8}") = "IntegrationTests", "IntegrationTests", "{0185A72C-87A5-4B0B-8C20-0228FC167152}"
EndProject
Project("{F2A71F9B-5D33-465A-A702-920D77279786}") = "AcceptanceTests", "tests\AcceptanceTests\AcceptanceTests.fsproj", "{2F19ADAD-2F9C-4202-87EA-7355A687FEAA}"
	ProjectSection(ProjectDependencies) = postProject
		{66C97E4D-2EAB-4C9A-B9CE-74540BFAAD89} = {66C97E4D-2EAB-4C9A-B9CE-74540BFAAD89}
		{ED638DD5-E755-4B7A-940D-5C94AB425686} = {ED638DD5-E755-4B7A-940D-5C94AB425686}
	EndProjectSection
EndProject
Project("{2150E333-8FDC-42A3-9474-1A3956D46DE8}") = "Solution Items", "Solution Items", "{C86A2FF1-08C4-49E7-9532-9983C765520A}"
	ProjectSection(SolutionItems) = preProject
		WebEssentials-Settings.json = WebEssentials-Settings.json
	EndProjectSection
EndProject
Project("{FAE04EC0-301F-11D3-BF4B-00C04F79EFBC}") = "WebClient", "src\WebClient\WebClient.csproj", "{66C97E4D-2EAB-4C9A-B9CE-74540BFAAD89}"
	ProjectSection(ProjectDependencies) = postProject
		{C3A6A4B8-8BE0-4E91-A7A7-62D05C6C1161} = {C3A6A4B8-8BE0-4E91-A7A7-62D05C6C1161}
		{ED638DD5-E755-4B7A-940D-5C94AB425686} = {ED638DD5-E755-4B7A-940D-5C94AB425686}
	EndProjectSection
EndProject
Project("{FAE04EC0-301F-11D3-BF4B-00C04F79EFBC}") = "WebApi", "src\WebApi\WebApi.csproj", "{ED638DD5-E755-4B7A-940D-5C94AB425686}"
EndProject
Project("{F2A71F9B-5D33-465A-A702-920D77279786}") = "WebApi.UnitTests", "tests\WebApi.UnitTests\WebApi.UnitTests.fsproj", "{57B47DED-C238-4469-B223-7239D7E9AAEB}"
EndProject
Project("{FAE04EC0-301F-11D3-BF4B-00C04F79EFBC}") = "ConsoleTester", "src\ConsoleTester\ConsoleTester.csproj", "{79D53B5E-9D11-4BD7-AEC5-BF407350A818}"
EndProject
Project("{FAE04EC0-301F-11D3-BF4B-00C04F79EFBC}") = "ServiceBus", "src\ServiceBus\ServiceBus.csproj", "{3B98A590-0110-4113-9E66-F4667434F0F9}"
EndProject
Project("{FAE04EC0-301F-11D3-BF4B-00C04F79EFBC}") = "Worker", "src\Worker\Worker.csproj", "{74CEFBDC-34C3-40D6-8542-75AB5A08A87B}"
EndProject
Project("{F2A71F9B-5D33-465A-A702-920D77279786}") = "Worker.UnitTests", "tests\Worker.UnitTests\Worker.UnitTests.fsproj", "{354D225A-1A81-4298-93C8-5D9444394CA7}"
EndProject
Project("{F2A71F9B-5D33-465A-A702-920D77279786}") = "Modules", "src\Modules\Modules.fsproj", "{4B47E1F0-37A0-4FE0-A948-7CC1C516714D}"
EndProject
Global
	GlobalSection(SolutionConfigurationPlatforms) = preSolution
		Debug|Any CPU = Debug|Any CPU
		Release|Any CPU = Release|Any CPU
	EndGlobalSection
	GlobalSection(ProjectConfigurationPlatforms) = postSolution
		{94CEDE8A-6B70-4AE8-A9DE-04B0C60E302E}.Debug|Any CPU.ActiveCfg = Debug|Any CPU
		{94CEDE8A-6B70-4AE8-A9DE-04B0C60E302E}.Debug|Any CPU.Build.0 = Debug|Any CPU
		{94CEDE8A-6B70-4AE8-A9DE-04B0C60E302E}.Release|Any CPU.ActiveCfg = Release|Any CPU
		{94CEDE8A-6B70-4AE8-A9DE-04B0C60E302E}.Release|Any CPU.Build.0 = Release|Any CPU
		{C3A6A4B8-8BE0-4E91-A7A7-62D05C6C1161}.Debug|Any CPU.ActiveCfg = Debug|Any CPU
		{C3A6A4B8-8BE0-4E91-A7A7-62D05C6C1161}.Debug|Any CPU.Build.0 = Debug|Any CPU
		{C3A6A4B8-8BE0-4E91-A7A7-62D05C6C1161}.Release|Any CPU.ActiveCfg = Release|Any CPU
		{C3A6A4B8-8BE0-4E91-A7A7-62D05C6C1161}.Release|Any CPU.Build.0 = Release|Any CPU
		{2F19ADAD-2F9C-4202-87EA-7355A687FEAA}.Debug|Any CPU.ActiveCfg = Debug|Any CPU
		{2F19ADAD-2F9C-4202-87EA-7355A687FEAA}.Debug|Any CPU.Build.0 = Debug|Any CPU
		{2F19ADAD-2F9C-4202-87EA-7355A687FEAA}.Release|Any CPU.ActiveCfg = Release|Any CPU
		{2F19ADAD-2F9C-4202-87EA-7355A687FEAA}.Release|Any CPU.Build.0 = Release|Any CPU
		{66C97E4D-2EAB-4C9A-B9CE-74540BFAAD89}.Debug|Any CPU.ActiveCfg = Debug|Any CPU
		{66C97E4D-2EAB-4C9A-B9CE-74540BFAAD89}.Debug|Any CPU.Build.0 = Debug|Any CPU
		{66C97E4D-2EAB-4C9A-B9CE-74540BFAAD89}.Release|Any CPU.ActiveCfg = Release|Any CPU
		{66C97E4D-2EAB-4C9A-B9CE-74540BFAAD89}.Release|Any CPU.Build.0 = Release|Any CPU
		{ED638DD5-E755-4B7A-940D-5C94AB425686}.Debug|Any CPU.ActiveCfg = Debug|Any CPU
		{ED638DD5-E755-4B7A-940D-5C94AB425686}.Debug|Any CPU.Build.0 = Debug|Any CPU
		{ED638DD5-E755-4B7A-940D-5C94AB425686}.Release|Any CPU.ActiveCfg = Release|Any CPU
		{ED638DD5-E755-4B7A-940D-5C94AB425686}.Release|Any CPU.Build.0 = Release|Any CPU
		{57B47DED-C238-4469-B223-7239D7E9AAEB}.Debug|Any CPU.ActiveCfg = Debug|Any CPU
		{57B47DED-C238-4469-B223-7239D7E9AAEB}.Debug|Any CPU.Build.0 = Debug|Any CPU
		{57B47DED-C238-4469-B223-7239D7E9AAEB}.Release|Any CPU.ActiveCfg = Release|Any CPU
		{57B47DED-C238-4469-B223-7239D7E9AAEB}.Release|Any CPU.Build.0 = Release|Any CPU
		{79D53B5E-9D11-4BD7-AEC5-BF407350A818}.Debug|Any CPU.ActiveCfg = Debug|Any CPU
		{79D53B5E-9D11-4BD7-AEC5-BF407350A818}.Debug|Any CPU.Build.0 = Debug|Any CPU
		{79D53B5E-9D11-4BD7-AEC5-BF407350A818}.Release|Any CPU.ActiveCfg = Release|Any CPU
		{79D53B5E-9D11-4BD7-AEC5-BF407350A818}.Release|Any CPU.Build.0 = Release|Any CPU
		{3B98A590-0110-4113-9E66-F4667434F0F9}.Debug|Any CPU.ActiveCfg = Debug|Any CPU
		{3B98A590-0110-4113-9E66-F4667434F0F9}.Debug|Any CPU.Build.0 = Debug|Any CPU
		{3B98A590-0110-4113-9E66-F4667434F0F9}.Release|Any CPU.ActiveCfg = Release|Any CPU
		{3B98A590-0110-4113-9E66-F4667434F0F9}.Release|Any CPU.Build.0 = Release|Any CPU
		{74CEFBDC-34C3-40D6-8542-75AB5A08A87B}.Debug|Any CPU.ActiveCfg = Debug|Any CPU
		{74CEFBDC-34C3-40D6-8542-75AB5A08A87B}.Debug|Any CPU.Build.0 = Debug|Any CPU
		{74CEFBDC-34C3-40D6-8542-75AB5A08A87B}.Release|Any CPU.ActiveCfg = Release|Any CPU
		{74CEFBDC-34C3-40D6-8542-75AB5A08A87B}.Release|Any CPU.Build.0 = Release|Any CPU
		{354D225A-1A81-4298-93C8-5D9444394CA7}.Debug|Any CPU.ActiveCfg = Debug|Any CPU
		{354D225A-1A81-4298-93C8-5D9444394CA7}.Debug|Any CPU.Build.0 = Debug|Any CPU
		{354D225A-1A81-4298-93C8-5D9444394CA7}.Release|Any CPU.ActiveCfg = Release|Any CPU
		{354D225A-1A81-4298-93C8-5D9444394CA7}.Release|Any CPU.Build.0 = Release|Any CPU
		{4B47E1F0-37A0-4FE0-A948-7CC1C516714D}.Debug|Any CPU.ActiveCfg = Debug|Any CPU
		{4B47E1F0-37A0-4FE0-A948-7CC1C516714D}.Debug|Any CPU.Build.0 = Debug|Any CPU
		{4B47E1F0-37A0-4FE0-A948-7CC1C516714D}.Release|Any CPU.ActiveCfg = Release|Any CPU
		{4B47E1F0-37A0-4FE0-A948-7CC1C516714D}.Release|Any CPU.Build.0 = Release|Any CPU
	EndGlobalSection
	GlobalSection(SolutionProperties) = preSolution
		HideSolutionNode = FALSE
	EndGlobalSection
	GlobalSection(NestedProjects) = preSolution
		{C3A6A4B8-8BE0-4E91-A7A7-62D05C6C1161} = {FF93BD54-E60F-426A-A0DE-8FC3531DA5C9}
		{74CEFBDC-34C3-40D6-8542-75AB5A08A87B} = {FF93BD54-E60F-426A-A0DE-8FC3531DA5C9}
		{4B47E1F0-37A0-4FE0-A948-7CC1C516714D} = {FF93BD54-E60F-426A-A0DE-8FC3531DA5C9}
		{66C97E4D-2EAB-4C9A-B9CE-74540BFAAD89} = {83152539-AC45-41AF-8FEF-79019D9C93DA}
		{ED638DD5-E755-4B7A-940D-5C94AB425686} = {83152539-AC45-41AF-8FEF-79019D9C93DA}
		{A5EB15ED-C38C-4F90-BC36-B93B76B98A82} = {D06B1195-B951-4B1B-9BB9-9E6EBD75F6CB}
		{0185A72C-87A5-4B0B-8C20-0228FC167152} = {D06B1195-B951-4B1B-9BB9-9E6EBD75F6CB}
		{94CEDE8A-6B70-4AE8-A9DE-04B0C60E302E} = {A5EB15ED-C38C-4F90-BC36-B93B76B98A82}
		{57B47DED-C238-4469-B223-7239D7E9AAEB} = {A5EB15ED-C38C-4F90-BC36-B93B76B98A82}
		{354D225A-1A81-4298-93C8-5D9444394CA7} = {A5EB15ED-C38C-4F90-BC36-B93B76B98A82}
		{79D53B5E-9D11-4BD7-AEC5-BF407350A818} = {3231EC53-E360-4EE8-B8EE-ACF81D4EFE6F}
		{3B98A590-0110-4113-9E66-F4667434F0F9} = {3231EC53-E360-4EE8-B8EE-ACF81D4EFE6F}
		{2F19ADAD-2F9C-4202-87EA-7355A687FEAA} = {0185A72C-87A5-4B0B-8C20-0228FC167152}
	EndGlobalSection
EndGlobal
