
Microsoft Visual Studio Solution File, Format Version 12.00
# Visual Studio 2013
VisualStudioVersion = 12.0.21005.1
MinimumVisualStudioVersion = 10.0.40219.1
Project("{2150E333-8FDC-42A3-9474-1A3956D46DE8}") = "Assemblies", "Assemblies", "{FF93BD54-E60F-426A-A0DE-8FC3531DA5C9}"
EndProject
Project("{2150E333-8FDC-42A3-9474-1A3956D46DE8}") = "Sites", "Sites", "{83152539-AC45-41AF-8FEF-79019D9C93DA}"
EndProject
Project("{2150E333-8FDC-42A3-9474-1A3956D46DE8}") = "Tests", "Tests", "{D06B1195-B951-4B1B-9BB9-9E6EBD75F6CB}"
EndProject
Project("{2150E333-8FDC-42A3-9474-1A3956D46DE8}") = "Build", "Build", "{A04063DA-8F5C-4E5E-88FD-DD46625D3388}"
EndProject
Project("{2150E333-8FDC-42A3-9474-1A3956D46DE8}") = "Tools", "Tools", "{13E9AD02-F37B-4936-BA93-E304596E1FD7}"
EndProject
Project("{2150E333-8FDC-42A3-9474-1A3956D46DE8}") = "Scripts", "Scripts", "{EF428338-36FC-4973-A2BD-6589DFAAC6C8}"
	ProjectSection(SolutionItems) = preProject
		Scripts\NServiceBus-Install.ps1 = Scripts\NServiceBus-Install.ps1
		Scripts\NServiceBus-Uninstall.ps1 = Scripts\NServiceBus-Uninstall.ps1
		Scripts\PortCheck.ps1 = Scripts\PortCheck.ps1
		Scripts\Test.fsx = Scripts\Test.fsx
		Scripts\WebCrawler.fsx = Scripts\WebCrawler.fsx
	EndProjectSection
EndProject
Project("{2150E333-8FDC-42A3-9474-1A3956D46DE8}") = "Common", "Common", "{84D58B37-48B1-49A7-8452-7CA1A78CC1EF}"
	ProjectSection(SolutionItems) = preProject
		Common\log4net.config = Common\log4net.config
	EndProjectSection
EndProject
Project("{F2A71F9B-5D33-465A-A702-920D77279786}") = "Core.UnitTests", "Tests\Core.UnitTests\Core.UnitTests.fsproj", "{94CEDE8A-6B70-4AE8-A9DE-04B0C60E302E}"
EndProject
Project("{2150E333-8FDC-42A3-9474-1A3956D46DE8}") = "App", "App", "{3231EC53-E360-4EE8-B8EE-ACF81D4EFE6F}"
EndProject
Project("{F2A71F9B-5D33-465A-A702-920D77279786}") = "ServiceBus.UnitTests", "Tests\ServiceBus.UnitTests\ServiceBus.UnitTests.fsproj", "{CC9BB6CC-3537-4F9C-85F0-24640C89300E}"
EndProject
Project("{2150E333-8FDC-42A3-9474-1A3956D46DE8}") = ".nuget", ".nuget", "{34346FEB-EAEB-41B6-8654-8B6CD1CDFFB0}"
	ProjectSection(SolutionItems) = preProject
		.nuget\NuGet.Config = .nuget\NuGet.Config
		.nuget\NuGet.exe = .nuget\NuGet.exe
		.nuget\NuGet.targets = .nuget\NuGet.targets
	EndProjectSection
EndProject
Project("{F2A71F9B-5D33-465A-A702-920D77279786}") = "FConsole", "src\FConsole\FConsole.fsproj", "{0FB6D8EE-2074-44FD-BF9E-39C3AF4792AD}"
EndProject
Project("{F2A71F9B-5D33-465A-A702-920D77279786}") = "ServiceBus", "src\ServiceBus\ServiceBus.fsproj", "{32C366A0-28F5-4C04-903E-1B444704589F}"
EndProject
Project("{F2A71F9B-5D33-465A-A702-920D77279786}") = "Core", "src\Core\Core.fsproj", "{C3A6A4B8-8BE0-4E91-A7A7-62D05C6C1161}"
EndProject
Project("{F2A71F9B-5D33-465A-A702-920D77279786}") = "Integration", "src\Integration\Integration.fsproj", "{5E4ECB51-1038-4528-AF68-3AFF927F6360}"
EndProject
Project("{2150E333-8FDC-42A3-9474-1A3956D46DE8}") = "UnitTests", "UnitTests", "{A5EB15ED-C38C-4F90-BC36-B93B76B98A82}"
EndProject
Project("{2150E333-8FDC-42A3-9474-1A3956D46DE8}") = "IntegrationTests", "IntegrationTests", "{0185A72C-87A5-4B0B-8C20-0228FC167152}"
EndProject
Project("{F2A71F9B-5D33-465A-A702-920D77279786}") = "AcceptanceTests", "tests\AcceptanceTests\AcceptanceTests.fsproj", "{2F19ADAD-2F9C-4202-87EA-7355A687FEAA}"
EndProject
Global
	GlobalSection(SolutionConfigurationPlatforms) = preSolution
		Debug|Any CPU = Debug|Any CPU
		Release|Any CPU = Release|Any CPU
	EndGlobalSection
	GlobalSection(ProjectConfigurationPlatforms) = postSolution
		{94CEDE8A-6B70-4AE8-A9DE-04B0C60E302E}.Debug|Any CPU.ActiveCfg = Debug|Any CPU
		{94CEDE8A-6B70-4AE8-A9DE-04B0C60E302E}.Debug|Any CPU.Build.0 = Debug|Any CPU
		{94CEDE8A-6B70-4AE8-A9DE-04B0C60E302E}.Release|Any CPU.ActiveCfg = Release|Any CPU
		{94CEDE8A-6B70-4AE8-A9DE-04B0C60E302E}.Release|Any CPU.Build.0 = Release|Any CPU
		{CC9BB6CC-3537-4F9C-85F0-24640C89300E}.Debug|Any CPU.ActiveCfg = Debug|Any CPU
		{CC9BB6CC-3537-4F9C-85F0-24640C89300E}.Debug|Any CPU.Build.0 = Debug|Any CPU
		{CC9BB6CC-3537-4F9C-85F0-24640C89300E}.Release|Any CPU.ActiveCfg = Release|Any CPU
		{CC9BB6CC-3537-4F9C-85F0-24640C89300E}.Release|Any CPU.Build.0 = Release|Any CPU
		{0FB6D8EE-2074-44FD-BF9E-39C3AF4792AD}.Debug|Any CPU.ActiveCfg = Debug|Any CPU
		{0FB6D8EE-2074-44FD-BF9E-39C3AF4792AD}.Debug|Any CPU.Build.0 = Debug|Any CPU
		{0FB6D8EE-2074-44FD-BF9E-39C3AF4792AD}.Release|Any CPU.ActiveCfg = Release|Any CPU
		{0FB6D8EE-2074-44FD-BF9E-39C3AF4792AD}.Release|Any CPU.Build.0 = Release|Any CPU
		{32C366A0-28F5-4C04-903E-1B444704589F}.Debug|Any CPU.ActiveCfg = Debug|Any CPU
		{32C366A0-28F5-4C04-903E-1B444704589F}.Debug|Any CPU.Build.0 = Debug|Any CPU
		{32C366A0-28F5-4C04-903E-1B444704589F}.Release|Any CPU.ActiveCfg = Release|Any CPU
		{32C366A0-28F5-4C04-903E-1B444704589F}.Release|Any CPU.Build.0 = Release|Any CPU
		{C3A6A4B8-8BE0-4E91-A7A7-62D05C6C1161}.Debug|Any CPU.ActiveCfg = Debug|Any CPU
		{C3A6A4B8-8BE0-4E91-A7A7-62D05C6C1161}.Debug|Any CPU.Build.0 = Debug|Any CPU
		{C3A6A4B8-8BE0-4E91-A7A7-62D05C6C1161}.Release|Any CPU.ActiveCfg = Release|Any CPU
		{C3A6A4B8-8BE0-4E91-A7A7-62D05C6C1161}.Release|Any CPU.Build.0 = Release|Any CPU
		{5E4ECB51-1038-4528-AF68-3AFF927F6360}.Debug|Any CPU.ActiveCfg = Debug|Any CPU
		{5E4ECB51-1038-4528-AF68-3AFF927F6360}.Debug|Any CPU.Build.0 = Debug|Any CPU
		{5E4ECB51-1038-4528-AF68-3AFF927F6360}.Release|Any CPU.ActiveCfg = Release|Any CPU
		{5E4ECB51-1038-4528-AF68-3AFF927F6360}.Release|Any CPU.Build.0 = Release|Any CPU
		{2F19ADAD-2F9C-4202-87EA-7355A687FEAA}.Debug|Any CPU.ActiveCfg = Debug|Any CPU
		{2F19ADAD-2F9C-4202-87EA-7355A687FEAA}.Debug|Any CPU.Build.0 = Debug|Any CPU
		{2F19ADAD-2F9C-4202-87EA-7355A687FEAA}.Release|Any CPU.ActiveCfg = Release|Any CPU
		{2F19ADAD-2F9C-4202-87EA-7355A687FEAA}.Release|Any CPU.Build.0 = Release|Any CPU
	EndGlobalSection
	GlobalSection(SolutionProperties) = preSolution
		HideSolutionNode = FALSE
	EndGlobalSection
	GlobalSection(NestedProjects) = preSolution
		{C3A6A4B8-8BE0-4E91-A7A7-62D05C6C1161} = {FF93BD54-E60F-426A-A0DE-8FC3531DA5C9}
		{5E4ECB51-1038-4528-AF68-3AFF927F6360} = {FF93BD54-E60F-426A-A0DE-8FC3531DA5C9}
		{A5EB15ED-C38C-4F90-BC36-B93B76B98A82} = {D06B1195-B951-4B1B-9BB9-9E6EBD75F6CB}
		{0185A72C-87A5-4B0B-8C20-0228FC167152} = {D06B1195-B951-4B1B-9BB9-9E6EBD75F6CB}
		{0FB6D8EE-2074-44FD-BF9E-39C3AF4792AD} = {3231EC53-E360-4EE8-B8EE-ACF81D4EFE6F}
		{32C366A0-28F5-4C04-903E-1B444704589F} = {3231EC53-E360-4EE8-B8EE-ACF81D4EFE6F}
		{94CEDE8A-6B70-4AE8-A9DE-04B0C60E302E} = {A5EB15ED-C38C-4F90-BC36-B93B76B98A82}
		{CC9BB6CC-3537-4F9C-85F0-24640C89300E} = {A5EB15ED-C38C-4F90-BC36-B93B76B98A82}
		{2F19ADAD-2F9C-4202-87EA-7355A687FEAA} = {0185A72C-87A5-4B0B-8C20-0228FC167152}
	EndGlobalSection
EndGlobal
