
Microsoft Visual Studio Solution File, Format Version 12.00
# Visual Studio 2013
VisualStudioVersion = 12.0.31101.0
MinimumVisualStudioVersion = 10.0.40219.1
Project("{2150E333-8FDC-42A3-9474-1A3956D46DE8}") = "Assemblies", "Assemblies", "{979C931A-6E76-4824-9D4F-8DE86D7F5744}"
EndProject
Project("{2150E333-8FDC-42A3-9474-1A3956D46DE8}") = "Common", "Common", "{51487203-7E49-4532-B47D-250D59A4F4D7}"
	ProjectSection(SolutionItems) = preProject
		common\AssemblyVersion.cs = common\AssemblyVersion.cs
		common\log4net.config = common\log4net.config
		common\NHibernate.config = common\NHibernate.config
	EndProjectSection
EndProject
Project("{2150E333-8FDC-42A3-9474-1A3956D46DE8}") = "Tests", "Tests", "{7798F0CE-035E-4B9A-B0FB-2A00936ED14D}"
EndProject
Project("{2150E333-8FDC-42A3-9474-1A3956D46DE8}") = "SystemTests", "SystemTests", "{D7271B3A-B8E6-412F-B59A-DA04BBAFC68E}"
EndProject
Project("{2150E333-8FDC-42A3-9474-1A3956D46DE8}") = "UnitTests", "UnitTests", "{B3676C13-634D-4A68-AAB3-960538EC5526}"
EndProject
Project("{2150E333-8FDC-42A3-9474-1A3956D46DE8}") = "Sites", "Sites", "{CBC8BE62-DE68-4D45-9B26-9C8D1B1EE60D}"
EndProject
Project("{2150E333-8FDC-42A3-9474-1A3956D46DE8}") = "Build", "Build", "{5B554A2E-DBBE-49C2-B5BD-E104DC9ABBD0}"
EndProject
Project("{2150E333-8FDC-42A3-9474-1A3956D46DE8}") = "Bus", "Bus", "{9BC3C0F4-0B8C-4CEA-9FDC-99D0861C919F}"
EndProject
Project("{FAE04EC0-301F-11D3-BF4B-00C04F79EFBC}") = "Core", "src\Core\Core.csproj", "{98808DBE-3230-44D5-87F8-98DBABF3AFED}"
EndProject
Project("{FAE04EC0-301F-11D3-BF4B-00C04F79EFBC}") = "Framework", "src\Framework\Framework.csproj", "{B6847C60-20D7-4547-B3F3-1DBD78ABD88B}"
EndProject
Project("{FAE04EC0-301F-11D3-BF4B-00C04F79EFBC}") = "BuildRunner", "src\BuildRunner\BuildRunner.csproj", "{3C432D4F-A4C9-482C-88C9-3C8D082F4FE5}"
EndProject
Project("{FAE04EC0-301F-11D3-BF4B-00C04F79EFBC}") = "Database", "src\Database\Database.csproj", "{48C0941B-9152-43F6-A571-38CA447A8C25}"
EndProject
Project("{FAE04EC0-301F-11D3-BF4B-00C04F79EFBC}") = "WebApi", "src\WebApi\WebApi.csproj", "{8C13FADE-D6C3-42CB-BE09-A97652F15DA9}"
EndProject
Project("{FAE04EC0-301F-11D3-BF4B-00C04F79EFBC}") = "WebClient", "src\WebClient\WebClient.csproj", "{1F8C2073-8EA8-4DD7-8A9B-611BBBF057E5}"
EndProject
Project("{F2A71F9B-5D33-465A-A702-920D77279786}") = "WebApi.UnitTests", "src\WebApi.UnitTests\WebApi.UnitTests.fsproj", "{57B47DED-C238-4469-B223-7239D7E9AAEB}"
EndProject
Project("{F2A71F9B-5D33-465A-A702-920D77279786}") = "Core.UnitTests", "src\Core.UnitTests\Core.UnitTests.fsproj", "{94CEDE8A-6B70-4AE8-A9DE-04B0C60E302E}"
EndProject
Project("{F2A71F9B-5D33-465A-A702-920D77279786}") = "Framework.UnitTests", "src\Framework.UnitTests\Framework.UnitTests.fsproj", "{EF941D3F-F4B3-4B8A-B960-806C39EDA435}"
EndProject
Global
	GlobalSection(SolutionConfigurationPlatforms) = preSolution
		Debug|Any CPU = Debug|Any CPU
		Release|Any CPU = Release|Any CPU
	EndGlobalSection
	GlobalSection(ProjectConfigurationPlatforms) = postSolution
		{98808DBE-3230-44D5-87F8-98DBABF3AFED}.Debug|Any CPU.ActiveCfg = Debug|Any CPU
		{98808DBE-3230-44D5-87F8-98DBABF3AFED}.Debug|Any CPU.Build.0 = Debug|Any CPU
		{98808DBE-3230-44D5-87F8-98DBABF3AFED}.Release|Any CPU.ActiveCfg = Release|Any CPU
		{98808DBE-3230-44D5-87F8-98DBABF3AFED}.Release|Any CPU.Build.0 = Release|Any CPU
		{B6847C60-20D7-4547-B3F3-1DBD78ABD88B}.Debug|Any CPU.ActiveCfg = Debug|Any CPU
		{B6847C60-20D7-4547-B3F3-1DBD78ABD88B}.Debug|Any CPU.Build.0 = Debug|Any CPU
		{B6847C60-20D7-4547-B3F3-1DBD78ABD88B}.Release|Any CPU.ActiveCfg = Release|Any CPU
		{B6847C60-20D7-4547-B3F3-1DBD78ABD88B}.Release|Any CPU.Build.0 = Release|Any CPU
		{3C432D4F-A4C9-482C-88C9-3C8D082F4FE5}.Debug|Any CPU.ActiveCfg = Debug|Any CPU
		{3C432D4F-A4C9-482C-88C9-3C8D082F4FE5}.Debug|Any CPU.Build.0 = Debug|Any CPU
		{3C432D4F-A4C9-482C-88C9-3C8D082F4FE5}.Release|Any CPU.ActiveCfg = Release|Any CPU
		{3C432D4F-A4C9-482C-88C9-3C8D082F4FE5}.Release|Any CPU.Build.0 = Release|Any CPU
		{48C0941B-9152-43F6-A571-38CA447A8C25}.Debug|Any CPU.ActiveCfg = Debug|Any CPU
		{48C0941B-9152-43F6-A571-38CA447A8C25}.Debug|Any CPU.Build.0 = Debug|Any CPU
		{48C0941B-9152-43F6-A571-38CA447A8C25}.Release|Any CPU.ActiveCfg = Release|Any CPU
		{48C0941B-9152-43F6-A571-38CA447A8C25}.Release|Any CPU.Build.0 = Release|Any CPU
		{8C13FADE-D6C3-42CB-BE09-A97652F15DA9}.Debug|Any CPU.ActiveCfg = Debug|Any CPU
		{8C13FADE-D6C3-42CB-BE09-A97652F15DA9}.Debug|Any CPU.Build.0 = Debug|Any CPU
		{8C13FADE-D6C3-42CB-BE09-A97652F15DA9}.Release|Any CPU.ActiveCfg = Release|Any CPU
		{8C13FADE-D6C3-42CB-BE09-A97652F15DA9}.Release|Any CPU.Build.0 = Release|Any CPU
		{1F8C2073-8EA8-4DD7-8A9B-611BBBF057E5}.Debug|Any CPU.ActiveCfg = Debug|Any CPU
		{1F8C2073-8EA8-4DD7-8A9B-611BBBF057E5}.Debug|Any CPU.Build.0 = Debug|Any CPU
		{1F8C2073-8EA8-4DD7-8A9B-611BBBF057E5}.Release|Any CPU.ActiveCfg = Release|Any CPU
		{1F8C2073-8EA8-4DD7-8A9B-611BBBF057E5}.Release|Any CPU.Build.0 = Release|Any CPU
		{57B47DED-C238-4469-B223-7239D7E9AAEB}.Debug|Any CPU.ActiveCfg = Debug|Any CPU
		{57B47DED-C238-4469-B223-7239D7E9AAEB}.Debug|Any CPU.Build.0 = Debug|Any CPU
		{57B47DED-C238-4469-B223-7239D7E9AAEB}.Release|Any CPU.ActiveCfg = Release|Any CPU
		{57B47DED-C238-4469-B223-7239D7E9AAEB}.Release|Any CPU.Build.0 = Release|Any CPU
		{94CEDE8A-6B70-4AE8-A9DE-04B0C60E302E}.Debug|Any CPU.ActiveCfg = Debug|Any CPU
		{94CEDE8A-6B70-4AE8-A9DE-04B0C60E302E}.Debug|Any CPU.Build.0 = Debug|Any CPU
		{94CEDE8A-6B70-4AE8-A9DE-04B0C60E302E}.Release|Any CPU.ActiveCfg = Release|Any CPU
		{94CEDE8A-6B70-4AE8-A9DE-04B0C60E302E}.Release|Any CPU.Build.0 = Release|Any CPU
		{EF941D3F-F4B3-4B8A-B960-806C39EDA435}.Debug|Any CPU.ActiveCfg = Debug|Any CPU
		{EF941D3F-F4B3-4B8A-B960-806C39EDA435}.Debug|Any CPU.Build.0 = Debug|Any CPU
		{EF941D3F-F4B3-4B8A-B960-806C39EDA435}.Release|Any CPU.ActiveCfg = Release|Any CPU
		{EF941D3F-F4B3-4B8A-B960-806C39EDA435}.Release|Any CPU.Build.0 = Release|Any CPU
	EndGlobalSection
	GlobalSection(SolutionProperties) = preSolution
		HideSolutionNode = FALSE
	EndGlobalSection
	GlobalSection(NestedProjects) = preSolution
		{D7271B3A-B8E6-412F-B59A-DA04BBAFC68E} = {7798F0CE-035E-4B9A-B0FB-2A00936ED14D}
		{B3676C13-634D-4A68-AAB3-960538EC5526} = {7798F0CE-035E-4B9A-B0FB-2A00936ED14D}
		{98808DBE-3230-44D5-87F8-98DBABF3AFED} = {979C931A-6E76-4824-9D4F-8DE86D7F5744}
		{B6847C60-20D7-4547-B3F3-1DBD78ABD88B} = {979C931A-6E76-4824-9D4F-8DE86D7F5744}
		{3C432D4F-A4C9-482C-88C9-3C8D082F4FE5} = {5B554A2E-DBBE-49C2-B5BD-E104DC9ABBD0}
		{48C0941B-9152-43F6-A571-38CA447A8C25} = {5B554A2E-DBBE-49C2-B5BD-E104DC9ABBD0}
		{8C13FADE-D6C3-42CB-BE09-A97652F15DA9} = {CBC8BE62-DE68-4D45-9B26-9C8D1B1EE60D}
		{1F8C2073-8EA8-4DD7-8A9B-611BBBF057E5} = {CBC8BE62-DE68-4D45-9B26-9C8D1B1EE60D}
		{57B47DED-C238-4469-B223-7239D7E9AAEB} = {B3676C13-634D-4A68-AAB3-960538EC5526}
		{94CEDE8A-6B70-4AE8-A9DE-04B0C60E302E} = {B3676C13-634D-4A68-AAB3-960538EC5526}
		{EF941D3F-F4B3-4B8A-B960-806C39EDA435} = {B3676C13-634D-4A68-AAB3-960538EC5526}
	EndGlobalSection
	GlobalSection(MonoDevelopProperties) = preSolution
		StartupItem = Lacjam\Lacjam.csproj
	EndGlobalSection
EndGlobal
